
Microsoft Visual Studio Solution File, Format Version 12.00
# Visual Studio Version 17
VisualStudioVersion = 17.0.31903.59
MinimumVisualStudioVersion = 10.0.40219.1
Project("{FAE04EC0-301F-11D3-BF4B-00C04F79EFBC}") = "LinksApi", "LinksApi\LinksApi.csproj", "{2E6649AC-E4BE-4696-ABC8-1482C1FBC2CC}"
EndProject
Project("{FAE04EC0-301F-11D3-BF4B-00C04F79EFBC}") = "LinksApi.Web", "LinksApi.Web\LinksApi.Web.csproj", "{0BA38E6D-D4BC-43B7-982F-446717174C26}"
EndProject
Global
	GlobalSection(SolutionConfigurationPlatforms) = preSolution
		Debug|Any CPU = Debug|Any CPU
		Release|Any CPU = Release|Any CPU
	EndGlobalSection
	GlobalSection(SolutionProperties) = preSolution
		HideSolutionNode = FALSE
	EndGlobalSection
	GlobalSection(ProjectConfigurationPlatforms) = postSolution
		{2E6649AC-E4BE-4696-ABC8-1482C1FBC2CC}.Debug|Any CPU.ActiveCfg = Debug|Any CPU
		{2E6649AC-E4BE-4696-ABC8-1482C1FBC2CC}.Debug|Any CPU.Build.0 = Debug|Any CPU
		{2E6649AC-E4BE-4696-ABC8-1482C1FBC2CC}.Release|Any CPU.ActiveCfg = Release|Any CPU
		{2E6649AC-E4BE-4696-ABC8-1482C1FBC2CC}.Release|Any CPU.Build.0 = Release|Any CPU
		{0BA38E6D-D4BC-43B7-982F-446717174C26}.Debug|Any CPU.ActiveCfg = Debug|Any CPU
		{0BA38E6D-D4BC-43B7-982F-446717174C26}.Debug|Any CPU.Build.0 = Debug|Any CPU
		{0BA38E6D-D4BC-43B7-982F-446717174C26}.Release|Any CPU.ActiveCfg = Release|Any CPU
		{0BA38E6D-D4BC-43B7-982F-446717174C26}.Release|Any CPU.Build.0 = Release|Any CPU
	EndGlobalSection
EndGlobal
